
Microsoft Visual Studio Solution File, Format Version 12.00
# Visual Studio 15
VisualStudioVersion = 15.0.28307.645
MinimumVisualStudioVersion = 10.0.40219.1
Project("{8BC9CEB8-8B4A-11D0-8D11-00A0C91BC942}") = "PointOperatorMaxM27062019", "PointOperatorMaxM27062019\PointOperatorMaxM27062019.vcxproj", "{CE7B2788-3C58-48D9-8823-1BE0B774DB87}"
EndProject
Project("{8BC9CEB8-8B4A-11D0-8D11-00A0C91BC942}") = "Fraction", "Fraction\Fraction.vcxproj", "{A9695BB3-5530-4EAC-B75B-57111E4A41D5}"
EndProject
Global
	GlobalSection(SolutionConfigurationPlatforms) = preSolution
		Debug|x64 = Debug|x64
		Debug|x86 = Debug|x86
		Release|x64 = Release|x64
		Release|x86 = Release|x86
	EndGlobalSection
	GlobalSection(ProjectConfigurationPlatforms) = postSolution
		{CE7B2788-3C58-48D9-8823-1BE0B774DB87}.Debug|x64.ActiveCfg = Debug|x64
		{CE7B2788-3C58-48D9-8823-1BE0B774DB87}.Debug|x64.Build.0 = Debug|x64
		{CE7B2788-3C58-48D9-8823-1BE0B774DB87}.Debug|x86.ActiveCfg = Debug|Win32
		{CE7B2788-3C58-48D9-8823-1BE0B774DB87}.Debug|x86.Build.0 = Debug|Win32
		{CE7B2788-3C58-48D9-8823-1BE0B774DB87}.Release|x64.ActiveCfg = Release|x64
		{CE7B2788-3C58-48D9-8823-1BE0B774DB87}.Release|x64.Build.0 = Release|x64
		{CE7B2788-3C58-48D9-8823-1BE0B774DB87}.Release|x86.ActiveCfg = Release|Win32
		{CE7B2788-3C58-48D9-8823-1BE0B774DB87}.Release|x86.Build.0 = Release|Win32
		{A9695BB3-5530-4EAC-B75B-57111E4A41D5}.Debug|x64.ActiveCfg = Debug|x64
		{A9695BB3-5530-4EAC-B75B-57111E4A41D5}.Debug|x64.Build.0 = Debug|x64
		{A9695BB3-5530-4EAC-B75B-57111E4A41D5}.Debug|x86.ActiveCfg = Debug|Win32
		{A9695BB3-5530-4EAC-B75B-57111E4A41D5}.Debug|x86.Build.0 = Debug|Win32
		{A9695BB3-5530-4EAC-B75B-57111E4A41D5}.Release|x64.ActiveCfg = Release|x64
		{A9695BB3-5530-4EAC-B75B-57111E4A41D5}.Release|x64.Build.0 = Release|x64
		{A9695BB3-5530-4EAC-B75B-57111E4A41D5}.Release|x86.ActiveCfg = Release|Win32
		{A9695BB3-5530-4EAC-B75B-57111E4A41D5}.Release|x86.Build.0 = Release|Win32
	EndGlobalSection
	GlobalSection(SolutionProperties) = preSolution
		HideSolutionNode = FALSE
	EndGlobalSection
	GlobalSection(ExtensibilityGlobals) = postSolution
		SolutionGuid = {5E5FAB58-D543-48D4-B944-BEFF335929A6}
	EndGlobalSection
EndGlobal
